// !$*UTF8*$!
{
	archiveVersion = 1;
	classes = {
	};
	objectVersion = 46;
	objects = {

/* Begin PBXBuildFile section */
		7E2DD19218182033004A34A0 /* UIKit.framework in Frameworks */ = {isa = PBXBuildFile; fileRef = 7E2DD19118182033004A34A0 /* UIKit.framework */; };
		7E2DD19418182033004A34A0 /* Foundation.framework in Frameworks */ = {isa = PBXBuildFile; fileRef = 7E2DD19318182033004A34A0 /* Foundation.framework */; };
		7E2DD19618182033004A34A0 /* CoreGraphics.framework in Frameworks */ = {isa = PBXBuildFile; fileRef = 7E2DD19518182033004A34A0 /* CoreGraphics.framework */; };
		7E2DD19C18182033004A34A0 /* InfoPlist.strings in Resources */ = {isa = PBXBuildFile; fileRef = 7E2DD19A18182033004A34A0 /* InfoPlist.strings */; };
		7E2DD19E18182033004A34A0 /* main.m in Sources */ = {isa = PBXBuildFile; fileRef = 7E2DD19D18182033004A34A0 /* main.m */; };
		7E2DD1A218182033004A34A0 /* AppDelegate.m in Sources */ = {isa = PBXBuildFile; fileRef = 7E2DD1A118182033004A34A0 /* AppDelegate.m */; };
		7E2DD1A418182034004A34A0 /* Default.png in Resources */ = {isa = PBXBuildFile; fileRef = 7E2DD1A318182033004A34A0 /* Default.png */; };
		7E2DD1A618182034004A34A0 /* Default@2x.png in Resources */ = {isa = PBXBuildFile; fileRef = 7E2DD1A518182034004A34A0 /* Default@2x.png */; };
		7E2DD1A818182034004A34A0 /* Default-568h@2x.png in Resources */ = {isa = PBXBuildFile; fileRef = 7E2DD1A718182034004A34A0 /* Default-568h@2x.png */; };
		7E2DD1AB18182034004A34A0 /* ViewController.m in Sources */ = {isa = PBXBuildFile; fileRef = 7E2DD1AA18182034004A34A0 /* ViewController.m */; };
		7E2DD1AE18182034004A34A0 /* ViewController.xib in Resources */ = {isa = PBXBuildFile; fileRef = 7E2DD1AC18182034004A34A0 /* ViewController.xib */; };
/* End PBXBuildFile section */

/* Begin PBXFileReference section */
		7E2DD18D18182033004A34A0 /* Blinker.app */ = {isa = PBXFileReference; explicitFileType = wrapper.application; includeInIndex = 0; path = Blinker.app; sourceTree = BUILT_PRODUCTS_DIR; };
		7E2DD19118182033004A34A0 /* UIKit.framework */ = {isa = PBXFileReference; lastKnownFileType = wrapper.framework; name = UIKit.framework; path = System/Library/Frameworks/UIKit.framework; sourceTree = SDKROOT; };
		7E2DD19318182033004A34A0 /* Foundation.framework */ = {isa = PBXFileReference; lastKnownFileType = wrapper.framework; name = Foundation.framework; path = System/Library/Frameworks/Foundation.framework; sourceTree = SDKROOT; };
		7E2DD19518182033004A34A0 /* CoreGraphics.framework */ = {isa = PBXFileReference; lastKnownFileType = wrapper.framework; name = CoreGraphics.framework; path = System/Library/Frameworks/CoreGraphics.framework; sourceTree = SDKROOT; };
		7E2DD19918182033004A34A0 /* Blinker-Info.plist */ = {isa = PBXFileReference; lastKnownFileType = text.plist.xml; path = "Blinker-Info.plist"; sourceTree = "<group>"; };
		7E2DD19B18182033004A34A0 /* en */ = {isa = PBXFileReference; lastKnownFileType = text.plist.strings; name = en; path = en.lproj/InfoPlist.strings; sourceTree = "<group>"; };
		7E2DD19D18182033004A34A0 /* main.m */ = {isa = PBXFileReference; lastKnownFileType = sourcecode.c.objc; path = main.m; sourceTree = "<group>"; };
		7E2DD19F18182033004A34A0 /* Blinker-Prefix.pch */ = {isa = PBXFileReference; lastKnownFileType = sourcecode.c.h; path = "Blinker-Prefix.pch"; sourceTree = "<group>"; };
		7E2DD1A018182033004A34A0 /* AppDelegate.h */ = {isa = PBXFileReference; lastKnownFileType = sourcecode.c.h; path = AppDelegate.h; sourceTree = "<group>"; };
		7E2DD1A118182033004A34A0 /* AppDelegate.m */ = {isa = PBXFileReference; lastKnownFileType = sourcecode.c.objc; path = AppDelegate.m; sourceTree = "<group>"; };
		7E2DD1A318182033004A34A0 /* Default.png */ = {isa = PBXFileReference; lastKnownFileType = image.png; path = Default.png; sourceTree = "<group>"; };
		7E2DD1A518182034004A34A0 /* Default@2x.png */ = {isa = PBXFileReference; lastKnownFileType = image.png; path = "Default@2x.png"; sourceTree = "<group>"; };
		7E2DD1A718182034004A34A0 /* Default-568h@2x.png */ = {isa = PBXFileReference; lastKnownFileType = image.png; path = "Default-568h@2x.png"; sourceTree = "<group>"; };
		7E2DD1A918182034004A34A0 /* ViewController.h */ = {isa = PBXFileReference; lastKnownFileType = sourcecode.c.h; path = ViewController.h; sourceTree = "<group>"; };
		7E2DD1AA18182034004A34A0 /* ViewController.m */ = {isa = PBXFileReference; lastKnownFileType = sourcecode.c.objc; path = ViewController.m; sourceTree = "<group>"; };
		7E2DD1AD18182034004A34A0 /* en */ = {isa = PBXFileReference; lastKnownFileType = file.xib; name = en; path = en.lproj/ViewController.xib; sourceTree = "<group>"; };
/* End PBXFileReference section */

/* Begin PBXFrameworksBuildPhase section */
		7E2DD18A18182033004A34A0 /* Frameworks */ = {
			isa = PBXFrameworksBuildPhase;
			buildActionMask = 2147483647;
			files = (
				7E2DD19218182033004A34A0 /* UIKit.framework in Frameworks */,
				7E2DD19418182033004A34A0 /* Foundation.framework in Frameworks */,
				7E2DD19618182033004A34A0 /* CoreGraphics.framework in Frameworks */,
			);
			runOnlyForDeploymentPostprocessing = 0;
		};
/* End PBXFrameworksBuildPhase section */

/* Begin PBXGroup section */
		7E2DD18218182033004A34A0 = {
			isa = PBXGroup;
			children = (
				7E2DD19718182033004A34A0 /* Blinker */,
				7E2DD19018182033004A34A0 /* Frameworks */,
				7E2DD18E18182033004A34A0 /* Products */,
			);
			sourceTree = "<group>";
		};
		7E2DD18E18182033004A34A0 /* Products */ = {
			isa = PBXGroup;
			children = (
				7E2DD18D18182033004A34A0 /* Blinker.app */,
			);
			name = Products;
			sourceTree = "<group>";
		};
		7E2DD19018182033004A34A0 /* Frameworks */ = {
			isa = PBXGroup;
			children = (
				7E2DD19118182033004A34A0 /* UIKit.framework */,
				7E2DD19318182033004A34A0 /* Foundation.framework */,
				7E2DD19518182033004A34A0 /* CoreGraphics.framework */,
			);
			name = Frameworks;
			sourceTree = "<group>";
		};
		7E2DD19718182033004A34A0 /* Blinker */ = {
			isa = PBXGroup;
			children = (
				7E2DD1A018182033004A34A0 /* AppDelegate.h */,
				7E2DD1A118182033004A34A0 /* AppDelegate.m */,
				7E2DD1A918182034004A34A0 /* ViewController.h */,
				7E2DD1AA18182034004A34A0 /* ViewController.m */,
				7E2DD1AC18182034004A34A0 /* ViewController.xib */,
				7E2DD19818182033004A34A0 /* Supporting Files */,
			);
			path = Blinker;
			sourceTree = "<group>";
		};
		7E2DD19818182033004A34A0 /* Supporting Files */ = {
			isa = PBXGroup;
			children = (
				7E2DD19918182033004A34A0 /* Blinker-Info.plist */,
				7E2DD19A18182033004A34A0 /* InfoPlist.strings */,
				7E2DD19D18182033004A34A0 /* main.m */,
				7E2DD19F18182033004A34A0 /* Blinker-Prefix.pch */,
				7E2DD1A318182033004A34A0 /* Default.png */,
				7E2DD1A518182034004A34A0 /* Default@2x.png */,
				7E2DD1A718182034004A34A0 /* Default-568h@2x.png */,
			);
			name = "Supporting Files";
			sourceTree = "<group>";
		};
/* End PBXGroup section */

/* Begin PBXNativeTarget section */
		7E2DD18C18182033004A34A0 /* Blinker */ = {
			isa = PBXNativeTarget;
			buildConfigurationList = 7E2DD1B118182034004A34A0 /* Build configuration list for PBXNativeTarget "Blinker" */;
			buildPhases = (
				7E2DD18918182033004A34A0 /* Sources */,
				7E2DD18A18182033004A34A0 /* Frameworks */,
				7E2DD18B18182033004A34A0 /* Resources */,
			);
			buildRules = (
			);
			dependencies = (
			);
			name = Blinker;
			productName = Blinker;
			productReference = 7E2DD18D18182033004A34A0 /* Blinker.app */;
			productType = "com.apple.product-type.application";
		};
/* End PBXNativeTarget section */

/* Begin PBXProject section */
		7E2DD18418182033004A34A0 /* Project object */ = {
			isa = PBXProject;
			attributes = {
				LastUpgradeCheck = 0450;
				ORGANIZATIONNAME = "Rahul Dhiman";
			};
			buildConfigurationList = 7E2DD18718182033004A34A0 /* Build configuration list for PBXProject "Blinker" */;
			compatibilityVersion = "Xcode 3.2";
			developmentRegion = English;
			hasScannedForEncodings = 0;
			knownRegions = (
				en,
			);
			mainGroup = 7E2DD18218182033004A34A0;
			productRefGroup = 7E2DD18E18182033004A34A0 /* Products */;
			projectDirPath = "";
			projectRoot = "";
			targets = (
				7E2DD18C18182033004A34A0 /* Blinker */,
			);
		};
/* End PBXProject section */

/* Begin PBXResourcesBuildPhase section */
		7E2DD18B18182033004A34A0 /* Resources */ = {
			isa = PBXResourcesBuildPhase;
			buildActionMask = 2147483647;
			files = (
				7E2DD19C18182033004A34A0 /* InfoPlist.strings in Resources */,
				7E2DD1A418182034004A34A0 /* Default.png in Resources */,
				7E2DD1A618182034004A34A0 /* Default@2x.png in Resources */,
				7E2DD1A818182034004A34A0 /* Default-568h@2x.png in Resources */,
				7E2DD1AE18182034004A34A0 /* ViewController.xib in Resources */,
			);
			runOnlyForDeploymentPostprocessing = 0;
		};
/* End PBXResourcesBuildPhase section */

/* Begin PBXSourcesBuildPhase section */
		7E2DD18918182033004A34A0 /* Sources */ = {
			isa = PBXSourcesBuildPhase;
			buildActionMask = 2147483647;
			files = (
				7E2DD19E18182033004A34A0 /* main.m in Sources */,
				7E2DD1A218182033004A34A0 /* AppDelegate.m in Sources */,
				7E2DD1AB18182034004A34A0 /* ViewController.m in Sources */,
			);
			runOnlyForDeploymentPostprocessing = 0;
		};
/* End PBXSourcesBuildPhase section */

/* Begin PBXVariantGroup section */
		7E2DD19A18182033004A34A0 /* InfoPlist.strings */ = {
			isa = PBXVariantGroup;
			children = (
				7E2DD19B18182033004A34A0 /* en */,
			);
			name = InfoPlist.strings;
			sourceTree = "<group>";
		};
		7E2DD1AC18182034004A34A0 /* ViewController.xib */ = {
			isa = PBXVariantGroup;
			children = (
				7E2DD1AD18182034004A34A0 /* en */,
			);
			name = ViewController.xib;
			sourceTree = "<group>";
		};
/* End PBXVariantGroup section */

/* Begin XCBuildConfiguration section */
		7E2DD1AF18182034004A34A0 /* Debug */ = {
			isa = XCBuildConfiguration;
			buildSettings = {
				ALWAYS_SEARCH_USER_PATHS = NO;
				CLANG_CXX_LANGUAGE_STANDARD = "gnu++0x";
				CLANG_CXX_LIBRARY = "libc++";
				CLANG_ENABLE_OBJC_ARC = YES;
				CLANG_WARN_EMPTY_BODY = YES;
				CLANG_WARN__DUPLICATE_METHOD_MATCH = YES;
				"CODE_SIGN_IDENTITY[sdk=iphoneos*]" = "iPhone Developer";
				COPY_PHASE_STRIP = NO;
				GCC_C_LANGUAGE_STANDARD = gnu99;
				GCC_DYNAMIC_NO_PIC = NO;
				GCC_OPTIMIZATION_LEVEL = 0;
				GCC_PREPROCESSOR_DEFINITIONS = (
					"DEBUG=1",
					"$(inherited)",
				);
				GCC_SYMBOLS_PRIVATE_EXTERN = NO;
				GCC_WARN_ABOUT_RETURN_TYPE = YES;
				GCC_WARN_UNINITIALIZED_AUTOS = YES;
				GCC_WARN_UNUSED_VARIABLE = YES;
				IPHONEOS_DEPLOYMENT_TARGET = 6.0;
				SDKROOT = iphoneos;
			};
			name = Debug;
		};
		7E2DD1B018182034004A34A0 /* Release */ = {
			isa = XCBuildConfiguration;
			buildSettings = {
				ALWAYS_SEARCH_USER_PATHS = NO;
				CLANG_CXX_LANGUAGE_STANDARD = "gnu++0x";
				CLANG_CXX_LIBRARY = "libc++";
				CLANG_ENABLE_OBJC_ARC = YES;
				CLANG_WARN_EMPTY_BODY = YES;
				CLANG_WARN__DUPLICATE_METHOD_MATCH = YES;
				"CODE_SIGN_IDENTITY[sdk=iphoneos*]" = "iPhone Developer";
				COPY_PHASE_STRIP = YES;
				GCC_C_LANGUAGE_STANDARD = gnu99;
				GCC_WARN_ABOUT_RETURN_TYPE = YES;
				GCC_WARN_UNINITIALIZED_AUTOS = YES;
				GCC_WARN_UNUSED_VARIABLE = YES;
				IPHONEOS_DEPLOYMENT_TARGET = 6.0;
				OTHER_CFLAGS = "-DNS_BLOCK_ASSERTIONS=1";
				SDKROOT = iphoneos;
				VALIDATE_PRODUCT = YES;
			};
			name = Release;
		};
		7E2DD1B218182034004A34A0 /* Debug */ = {
			isa = XCBuildConfiguration;
			buildSettings = {
				GCC_PRECOMPILE_PREFIX_HEADER = YES;
				GCC_PREFIX_HEADER = "Blinker/Blinker-Prefix.pch";
				INFOPLIST_FILE = "Blinker/Blinker-Info.plist";
				PRODUCT_NAME = "$(TARGET_NAME)";
				WRAPPER_EXTENSION = app;
			};
			name = Debug;
		};
		7E2DD1B318182034004A34A0 /* Release */ = {
			isa = XCBuildConfiguration;
			buildSettings = {
				GCC_PRECOMPILE_PREFIX_HEADER = YES;
				GCC_PREFIX_HEADER = "Blinker/Blinker-Prefix.pch";
				INFOPLIST_FILE = "Blinker/Blinker-Info.plist";
				PRODUCT_NAME = "$(TARGET_NAME)";
				WRAPPER_EXTENSION = app;
			};
			name = Release;
		};
/* End XCBuildConfiguration section */

/* Begin XCConfigurationList section */
		7E2DD18718182033004A34A0 /* Build configuration list for PBXProject "Blinker" */ = {
			isa = XCConfigurationList;
			buildConfigurations = (
				7E2DD1AF18182034004A34A0 /* Debug */,
				7E2DD1B018182034004A34A0 /* Release */,
			);
			defaultConfigurationIsVisible = 0;
			defaultConfigurationName = Release;
		};
		7E2DD1B118182034004A34A0 /* Build configuration list for PBXNativeTarget "Blinker" */ = {
			isa = XCConfigurationList;
			buildConfigurations = (
				7E2DD1B218182034004A34A0 /* Debug */,
				7E2DD1B318182034004A34A0 /* Release */,
			);
			defaultConfigurationIsVisible = 0;
		};
/* End XCConfigurationList section */
	};
	rootObject = 7E2DD18418182033004A34A0 /* Project object */;
}
